
Microsoft Visual Studio Solution File, Format Version 12.00
# Visual Studio Version 17
VisualStudioVersion = 17.9.34723.18
MinimumVisualStudioVersion = 10.0.40219.1
Project("{9A19103F-16F7-4668-BE54-9A1E7A4F7556}") = "WebApi-1", "WebApi-1\WebApi-1.csproj", "{0AB8FE1D-AE70-49F8-BF73-67FDA665B2D4}"
EndProject
Project("{9A19103F-16F7-4668-BE54-9A1E7A4F7556}") = "Framework", "Framework\Framework.csproj", "{208342DE-55FE-4897-8740-8B0CE353401D}"
EndProject
Project("{FAE04EC0-301F-11D3-BF4B-00C04F79EFBC}") = "WebMVC-1", "WebMVC-1\WebMVC-1.csproj", "{2C8DB541-B014-4EC0-B36D-02F51218D196}"
EndProject
Global
	GlobalSection(SolutionConfigurationPlatforms) = preSolution
		Debug|Any CPU = Debug|Any CPU
		Release|Any CPU = Release|Any CPU
	EndGlobalSection
	GlobalSection(ProjectConfigurationPlatforms) = postSolution
		{0AB8FE1D-AE70-49F8-BF73-67FDA665B2D4}.Debug|Any CPU.ActiveCfg = Debug|Any CPU
		{0AB8FE1D-AE70-49F8-BF73-67FDA665B2D4}.Debug|Any CPU.Build.0 = Debug|Any CPU
		{0AB8FE1D-AE70-49F8-BF73-67FDA665B2D4}.Release|Any CPU.ActiveCfg = Release|Any CPU
		{0AB8FE1D-AE70-49F8-BF73-67FDA665B2D4}.Release|Any CPU.Build.0 = Release|Any CPU
		{208342DE-55FE-4897-8740-8B0CE353401D}.Debug|Any CPU.ActiveCfg = Debug|Any CPU
		{208342DE-55FE-4897-8740-8B0CE353401D}.Debug|Any CPU.Build.0 = Debug|Any CPU
		{208342DE-55FE-4897-8740-8B0CE353401D}.Release|Any CPU.ActiveCfg = Release|Any CPU
		{208342DE-55FE-4897-8740-8B0CE353401D}.Release|Any CPU.Build.0 = Release|Any CPU
		{2C8DB541-B014-4EC0-B36D-02F51218D196}.Debug|Any CPU.ActiveCfg = Debug|Any CPU
		{2C8DB541-B014-4EC0-B36D-02F51218D196}.Debug|Any CPU.Build.0 = Debug|Any CPU
		{2C8DB541-B014-4EC0-B36D-02F51218D196}.Release|Any CPU.ActiveCfg = Release|Any CPU
		{2C8DB541-B014-4EC0-B36D-02F51218D196}.Release|Any CPU.Build.0 = Release|Any CPU
	EndGlobalSection
	GlobalSection(SolutionProperties) = preSolution
		HideSolutionNode = FALSE
	EndGlobalSection
	GlobalSection(ExtensibilityGlobals) = postSolution
		SolutionGuid = {BD32CAAF-31C0-4B24-AC30-9E975C949B3E}
	EndGlobalSection
EndGlobal
