
Microsoft Visual Studio Solution File, Format Version 12.00
# Visual Studio Version 17
VisualStudioVersion = 17.9.34723.18
MinimumVisualStudioVersion = 10.0.40219.1
Project("{FAE04EC0-301F-11D3-BF4B-00C04F79EFBC}") = "BookEntry.Web", "BookEntry.Web\BookEntry.Web.csproj", "{649B57A0-9FFE-4BA2-8B52-866B3A134BF4}"
EndProject
Project("{FAE04EC0-301F-11D3-BF4B-00C04F79EFBC}") = "Framework", "Framework\Framework.csproj", "{988D7C48-5324-4351-B936-B6ECC567C4EE}"
EndProject
Global
	GlobalSection(SolutionConfigurationPlatforms) = preSolution
		Debug|Any CPU = Debug|Any CPU
		Release|Any CPU = Release|Any CPU
	EndGlobalSection
	GlobalSection(ProjectConfigurationPlatforms) = postSolution
		{649B57A0-9FFE-4BA2-8B52-866B3A134BF4}.Debug|Any CPU.ActiveCfg = Debug|Any CPU
		{649B57A0-9FFE-4BA2-8B52-866B3A134BF4}.Debug|Any CPU.Build.0 = Debug|Any CPU
		{649B57A0-9FFE-4BA2-8B52-866B3A134BF4}.Release|Any CPU.ActiveCfg = Release|Any CPU
		{649B57A0-9FFE-4BA2-8B52-866B3A134BF4}.Release|Any CPU.Build.0 = Release|Any CPU
		{988D7C48-5324-4351-B936-B6ECC567C4EE}.Debug|Any CPU.ActiveCfg = Debug|Any CPU
		{988D7C48-5324-4351-B936-B6ECC567C4EE}.Debug|Any CPU.Build.0 = Debug|Any CPU
		{988D7C48-5324-4351-B936-B6ECC567C4EE}.Release|Any CPU.ActiveCfg = Release|Any CPU
		{988D7C48-5324-4351-B936-B6ECC567C4EE}.Release|Any CPU.Build.0 = Release|Any CPU
	EndGlobalSection
	GlobalSection(SolutionProperties) = preSolution
		HideSolutionNode = FALSE
	EndGlobalSection
	GlobalSection(ExtensibilityGlobals) = postSolution
		SolutionGuid = {95A4C9E1-82CC-43F6-88D2-C76C56EA93C9}
	EndGlobalSection
EndGlobal
